PODS:
  - AFNetworking (3.2.1):
    - AFNetworking/NSURLSession (= 3.2.1)
    - AFNetworking/Reachability (= 3.2.1)
    - AFNetworking/Security (= 3.2.1)
    - AFNetworking/Serialization (= 3.2.1)
    - AFNetworking/UIKit (= 3.2.1)
  - AFNetworking/NSURLSession (3.2.1):
    - AFNetworking/Reachability
    - AFNetworking/Security
    - AFNetworking/Serialization
  - AFNetworking/Reachability (3.2.1)
  - AFNetworking/Security (3.2.1)
  - AFNetworking/Serialization (3.2.1)
  - AFNetworking/UIKit (3.2.1):
    - AFNetworking/NSURLSession
  - Masonry (1.1.0)
  - MMLayout (0.2.0)
  - SDWebImage (5.3.2):
    - SDWebImage/Core (= 5.3.2)
  - SDWebImage/Core (5.3.2)
  - SuperPlayer (3.1.5):
    - AFNetworking
    - Masonry
    - MMLayout
    - SDWebImage
    - SuperPlayer/Player (= 3.1.5)
  - SuperPlayer/Player (3.1.5):
    - AFNetworking
    - Masonry
    - MMLayout
    - SDWebImage
    - TXLiteAVSDK_Player (= 6.8.7969)
  - SwiftCommonTools2 (0.0.6)
  - TencentCloudVideoUploader (0.0.2):
    - AFNetworking
    - SuperPlayer
  - TXLiteAVSDK_Player (6.8.7969)

DEPENDENCIES:
  - SwiftCommonTools2 (= 0.0.6)
  - TencentCloudVideoUploader (from `../`)

SPEC REPOS:
  trunk:
    - AFNetworking
    - Masonry
    - MMLayout
    - SDWebImage
    - SuperPlayer
    - SwiftCommonTools2
    - TXLiteAVSDK_Player

EXTERNAL SOURCES:
  TencentCloudVideoUploader:
    :path: "../"

SPEC CHECKSUMS:
  AFNetworking: b6f891fdfaed196b46c7a83cf209e09697b94057
  Masonry: 678fab65091a9290e40e2832a55e7ab731aad201
  MMLayout: 3fb59d58eeb8656c64e61d550fb0088e10666c11
  SDWebImage: 6ac2eb96571bff96ecde31a987172c5934a0eb7d
  SuperPlayer: 485a9f5b203cd5cb5e4be26843454fca5916ad53
  SwiftCommonTools2: 61c9b54ea6e42f52cd4d93c75e969125fc4f8183
  TencentCloudVideoUploader: b6e87edd1ffae766cf76212138a231f1b66710b3
  TXLiteAVSDK_Player: a3799add98c6802e382972d98cc0e7bacb50984f

PODFILE CHECKSUM: b990e0f2b9f7402fa403eadf6ff10e6ab6d509e5

COCOAPODS: 1.8.3
